
Microsoft Visual Studio Solution File, Format Version 12.00
# Visual Studio Version 17
VisualStudioVersion = 17.0.32112.339
MinimumVisualStudioVersion = 10.0.40219.1
Project("{9A19103F-16F7-4668-BE54-9A1E7A4F7556}") = "OpenFoodFacts.Importer", "OpenFoodFacts.Importer\OpenFoodFacts.Importer.csproj", "{D1A463F3-86F2-4FFB-981B-E6AAE239C9B5}"
EndProject
Project("{9A19103F-16F7-4668-BE54-9A1E7A4F7556}") = "OpenFoodFacts.Model", "OpenFoodFacts.Model\OpenFoodFacts.Model.csproj", "{71EDA94E-8FAF-4A6E-BC7F-6337AF159E22}"
EndProject
Project("{9A19103F-16F7-4668-BE54-9A1E7A4F7556}") = "OpenFoodFacts.API", "OpenFoodFacts.API\OpenFoodFacts.API.csproj", "{ED9A60D1-7196-45A5-A48D-F785C4CFD516}"
EndProject
Project("{FAE04EC0-301F-11D3-BF4B-00C04F79EFBC}") = "OpenFoodFacts.Test", "OpenFoodFacts.Test\OpenFoodFacts.Test.csproj", "{88965493-ED59-4A35-B277-E4A79E738B29}"
EndProject
Global
	GlobalSection(SolutionConfigurationPlatforms) = preSolution
		Debug|Any CPU = Debug|Any CPU
		Release|Any CPU = Release|Any CPU
	EndGlobalSection
	GlobalSection(ProjectConfigurationPlatforms) = postSolution
		{D1A463F3-86F2-4FFB-981B-E6AAE239C9B5}.Debug|Any CPU.ActiveCfg = Debug|Any CPU
		{D1A463F3-86F2-4FFB-981B-E6AAE239C9B5}.Debug|Any CPU.Build.0 = Debug|Any CPU
		{D1A463F3-86F2-4FFB-981B-E6AAE239C9B5}.Release|Any CPU.ActiveCfg = Release|Any CPU
		{D1A463F3-86F2-4FFB-981B-E6AAE239C9B5}.Release|Any CPU.Build.0 = Release|Any CPU
		{71EDA94E-8FAF-4A6E-BC7F-6337AF159E22}.Debug|Any CPU.ActiveCfg = Debug|Any CPU
		{71EDA94E-8FAF-4A6E-BC7F-6337AF159E22}.Debug|Any CPU.Build.0 = Debug|Any CPU
		{71EDA94E-8FAF-4A6E-BC7F-6337AF159E22}.Release|Any CPU.ActiveCfg = Release|Any CPU
		{71EDA94E-8FAF-4A6E-BC7F-6337AF159E22}.Release|Any CPU.Build.0 = Release|Any CPU
		{ED9A60D1-7196-45A5-A48D-F785C4CFD516}.Debug|Any CPU.ActiveCfg = Debug|Any CPU
		{ED9A60D1-7196-45A5-A48D-F785C4CFD516}.Debug|Any CPU.Build.0 = Debug|Any CPU
		{ED9A60D1-7196-45A5-A48D-F785C4CFD516}.Release|Any CPU.ActiveCfg = Release|Any CPU
		{ED9A60D1-7196-45A5-A48D-F785C4CFD516}.Release|Any CPU.Build.0 = Release|Any CPU
		{88965493-ED59-4A35-B277-E4A79E738B29}.Debug|Any CPU.ActiveCfg = Debug|Any CPU
		{88965493-ED59-4A35-B277-E4A79E738B29}.Debug|Any CPU.Build.0 = Debug|Any CPU
		{88965493-ED59-4A35-B277-E4A79E738B29}.Release|Any CPU.ActiveCfg = Release|Any CPU
		{88965493-ED59-4A35-B277-E4A79E738B29}.Release|Any CPU.Build.0 = Release|Any CPU
	EndGlobalSection
	GlobalSection(SolutionProperties) = preSolution
		HideSolutionNode = FALSE
	EndGlobalSection
	GlobalSection(ExtensibilityGlobals) = postSolution
		SolutionGuid = {CAF98BCB-1F1B-4D27-AD91-F46E42C43CB2}
	EndGlobalSection
EndGlobal
